
Microsoft Visual Studio Solution File, Format Version 12.00
# Visual Studio Version 16
VisualStudioVersion = 16.0.29728.190
MinimumVisualStudioVersion = 10.0.40219.1
Project("{FAE04EC0-301F-11D3-BF4B-00C04F79EFBC}") = "MultiTenancyShop.Web", "MultiTenancyShop.Web\MultiTenancyShop.Web.csproj", "{F70FBC42-AF4C-45E3-A90C-42670331909D}"
EndProject
Global
	GlobalSection(SolutionConfigurationPlatforms) = preSolution
		Debug|Any CPU = Debug|Any CPU
		Release|Any CPU = Release|Any CPU
	EndGlobalSection
	GlobalSection(ProjectConfigurationPlatforms) = postSolution
		{F70FBC42-AF4C-45E3-A90C-42670331909D}.Debug|Any CPU.ActiveCfg = Debug|Any CPU
		{F70FBC42-AF4C-45E3-A90C-42670331909D}.Debug|Any CPU.Build.0 = Debug|Any CPU
		{F70FBC42-AF4C-45E3-A90C-42670331909D}.Release|Any CPU.ActiveCfg = Release|Any CPU
		{F70FBC42-AF4C-45E3-A90C-42670331909D}.Release|Any CPU.Build.0 = Release|Any CPU
	EndGlobalSection
	GlobalSection(SolutionProperties) = preSolution
		HideSolutionNode = FALSE
	EndGlobalSection
	GlobalSection(ExtensibilityGlobals) = postSolution
		SolutionGuid = {9ED9DA03-3B85-4533-AF4F-15C5419ACEBF}
	EndGlobalSection
EndGlobal
